lockfileVersion: '9.0'

settings:
  autoInstallPeers: true
  excludeLinksFromLockfile: false

importers:

  .:
    dependencies:
      '@sinclair/typebox':
        specifier: ^0.34.38
        version: 0.34.38

packages:

  '@sinclair/typebox@0.34.38':
    resolution: {integrity: sha512-HpkxMmc2XmZKhvaKIZZThlHmx1L0I/V1hWK1NubtlFnr6ZqdiOpV72TKudZUNQjZNsyDBay72qFEhEvb+bcwcA==}

snapshots:

  '@sinclair/typebox@0.34.38': {}
